
Microsoft Visual Studio Solution File, Format Version 12.00
# Visual Studio Version 16
VisualStudioVersion = 16.0.31624.102
MinimumVisualStudioVersion = 10.0.40219.1
Project("{FAE04EC0-301F-11D3-BF4B-00C04F79EFBC}") = "ApiCatalogoTimes-PE", "ApiCatalogoTimes-PE.csproj", "{EE827D05-9CFB-461B-BA23-4D74152ABC6D}"
EndProject
Global
	GlobalSection(SolutionConfigurationPlatforms) = preSolution
		Debug|Any CPU = Debug|Any CPU
		Release|Any CPU = Release|Any CPU
	EndGlobalSection
	GlobalSection(ProjectConfigurationPlatforms) = postSolution
		{EE827D05-9CFB-461B-BA23-4D74152ABC6D}.Debug|Any CPU.ActiveCfg = Debug|Any CPU
		{EE827D05-9CFB-461B-BA23-4D74152ABC6D}.Debug|Any CPU.Build.0 = Debug|Any CPU
		{EE827D05-9CFB-461B-BA23-4D74152ABC6D}.Release|Any CPU.ActiveCfg = Release|Any CPU
		{EE827D05-9CFB-461B-BA23-4D74152ABC6D}.Release|Any CPU.Build.0 = Release|Any CPU
	EndGlobalSection
	GlobalSection(SolutionProperties) = preSolution
		HideSolutionNode = FALSE
	EndGlobalSection
	GlobalSection(ExtensibilityGlobals) = postSolution
		SolutionGuid = {D3006F0D-8C6A-47FD-AA70-3DB06F8DB809}
	EndGlobalSection
EndGlobal
